
Microsoft Visual Studio Solution File, Format Version 12.00
# Visual Studio Version 16
VisualStudioVersion = 16.0.29806.167
MinimumVisualStudioVersion = 10.0.40219.1
Project("{8BC9CEB8-8B4A-11D0-8D11-00A0C91BC942}") = "АП Ч2 лаб 3", "АП Ч2 лаб 3\АП Ч2 лаб 3.vcxproj", "{6B67E78F-5BB4-453E-BB0D-6EB173964F99}"
EndProject
Global
	GlobalSection(SolutionConfigurationPlatforms) = preSolution
		Debug|x64 = Debug|x64
		Debug|x86 = Debug|x86
		Release|x64 = Release|x64
		Release|x86 = Release|x86
	EndGlobalSection
	GlobalSection(ProjectConfigurationPlatforms) = postSolution
		{6B67E78F-5BB4-453E-BB0D-6EB173964F99}.Debug|x64.ActiveCfg = Debug|x64
		{6B67E78F-5BB4-453E-BB0D-6EB173964F99}.Debug|x64.Build.0 = Debug|x64
		{6B67E78F-5BB4-453E-BB0D-6EB173964F99}.Debug|x86.ActiveCfg = Debug|Win32
		{6B67E78F-5BB4-453E-BB0D-6EB173964F99}.Debug|x86.Build.0 = Debug|Win32
		{6B67E78F-5BB4-453E-BB0D-6EB173964F99}.Release|x64.ActiveCfg = Release|x64
		{6B67E78F-5BB4-453E-BB0D-6EB173964F99}.Release|x64.Build.0 = Release|x64
		{6B67E78F-5BB4-453E-BB0D-6EB173964F99}.Release|x86.ActiveCfg = Release|Win32
		{6B67E78F-5BB4-453E-BB0D-6EB173964F99}.Release|x86.Build.0 = Release|Win32
	EndGlobalSection
	GlobalSection(SolutionProperties) = preSolution
		HideSolutionNode = FALSE
	EndGlobalSection
	GlobalSection(ExtensibilityGlobals) = postSolution
		SolutionGuid = {C650022B-4E74-4051-930D-10E544BCC896}
	EndGlobalSection
EndGlobal
